# This file is autogenerated, do not edit; changes may be undone by the next 'dep ensure'.


[[projects]]
  branch = "master"
  name = "github.com/golang/build"
  packages = ["revdial"]
  revision = "06ed7b8c14c3eb46e8e513f48ba4f055eabdce47"

[solve-meta]
  analyzer-name = "dep"
  analyzer-version = 1
  inputs-digest = "30e52b325925b6ad0c152b9ea7d916c049ff089bcc830c8a9b9574bd9ca6b5b0"
  solver-name = "gps-cdcl"
  solver-version = 1
